
Microsoft Visual Studio Solution File, Format Version 12.00
# Visual Studio Version 17
VisualStudioVersion = 17.6.33815.320
MinimumVisualStudioVersion = 10.0.40219.1
Project("{FAE04EC0-301F-11D3-BF4B-00C04F79EFBC}") = "BankSystemWinForm_PresentationLayer", "BankSystemWinForm_PresentationLayer.csproj", "{C51600D7-1F71-40AE-BC36-AD8174A13A30}"
EndProject
Project("{FAE04EC0-301F-11D3-BF4B-00C04F79EFBC}") = "BankSystem_BussinnesLayer", "..\..\BankSystemConsoleApp\BankSystem_BussinnesLayer\BankSystem_BussinnesLayer.csproj", "{C2D63CE0-9AEF-482A-8309-17F4EA08C59A}"
EndProject
Project("{FAE04EC0-301F-11D3-BF4B-00C04F79EFBC}") = "BankSystem_DataAccessLayer", "..\..\BankSystemConsoleApp\BankSystem_DataAccessLayer\BankSystem_DataAccessLayer.csproj", "{461209C9-2C2E-40EA-AFC2-B29DA991C7A3}"
EndProject
Global
	GlobalSection(SolutionConfigurationPlatforms) = preSolution
		Debug|Any CPU = Debug|Any CPU
		Release|Any CPU = Release|Any CPU
	EndGlobalSection
	GlobalSection(ProjectConfigurationPlatforms) = postSolution
		{C51600D7-1F71-40AE-BC36-AD8174A13A30}.Debug|Any CPU.ActiveCfg = Debug|Any CPU
		{C51600D7-1F71-40AE-BC36-AD8174A13A30}.Debug|Any CPU.Build.0 = Debug|Any CPU
		{C51600D7-1F71-40AE-BC36-AD8174A13A30}.Release|Any CPU.ActiveCfg = Release|Any CPU
		{C51600D7-1F71-40AE-BC36-AD8174A13A30}.Release|Any CPU.Build.0 = Release|Any CPU
		{C2D63CE0-9AEF-482A-8309-17F4EA08C59A}.Debug|Any CPU.ActiveCfg = Debug|Any CPU
		{C2D63CE0-9AEF-482A-8309-17F4EA08C59A}.Debug|Any CPU.Build.0 = Debug|Any CPU
		{C2D63CE0-9AEF-482A-8309-17F4EA08C59A}.Release|Any CPU.ActiveCfg = Release|Any CPU
		{C2D63CE0-9AEF-482A-8309-17F4EA08C59A}.Release|Any CPU.Build.0 = Release|Any CPU
		{461209C9-2C2E-40EA-AFC2-B29DA991C7A3}.Debug|Any CPU.ActiveCfg = Debug|Any CPU
		{461209C9-2C2E-40EA-AFC2-B29DA991C7A3}.Debug|Any CPU.Build.0 = Debug|Any CPU
		{461209C9-2C2E-40EA-AFC2-B29DA991C7A3}.Release|Any CPU.ActiveCfg = Release|Any CPU
		{461209C9-2C2E-40EA-AFC2-B29DA991C7A3}.Release|Any CPU.Build.0 = Release|Any CPU
	EndGlobalSection
	GlobalSection(SolutionProperties) = preSolution
		HideSolutionNode = FALSE
	EndGlobalSection
	GlobalSection(ExtensibilityGlobals) = postSolution
		SolutionGuid = {E1CBCBDD-269E-416E-B150-DA7AD34C77BA}
	EndGlobalSection
EndGlobal
